
Microsoft Visual Studio Solution File, Format Version 12.00
# Visual Studio 2013
VisualStudioVersion = 12.0.31101.0
MinimumVisualStudioVersion = 10.0.40219.1
Project("{FAE04EC0-301F-11D3-BF4B-00C04F79EFBC}") = "WebAPIStarter", "WebAPIStarter\WebAPIStarter.csproj", "{65B27DCA-02AC-4BC0-944B-BAE0775FD44F}"
EndProject
Project("{FAE04EC0-301F-11D3-BF4B-00C04F79EFBC}") = "WebAPIStarter.Tests", "WebAPIStarter.Tests\WebAPIStarter.Tests.csproj", "{33C33DE8-2F08-4353-8EA6-70C5B3F5B880}"
EndProject
Global
	GlobalSection(SolutionConfigurationPlatforms) = preSolution
		Debug|Any CPU = Debug|Any CPU
		Release|Any CPU = Release|Any CPU
	EndGlobalSection
	GlobalSection(ProjectConfigurationPlatforms) = postSolution
		{65B27DCA-02AC-4BC0-944B-BAE0775FD44F}.Debug|Any CPU.ActiveCfg = Debug|Any CPU
		{65B27DCA-02AC-4BC0-944B-BAE0775FD44F}.Debug|Any CPU.Build.0 = Debug|Any CPU
		{65B27DCA-02AC-4BC0-944B-BAE0775FD44F}.Release|Any CPU.ActiveCfg = Release|Any CPU
		{65B27DCA-02AC-4BC0-944B-BAE0775FD44F}.Release|Any CPU.Build.0 = Release|Any CPU
		{33C33DE8-2F08-4353-8EA6-70C5B3F5B880}.Debug|Any CPU.ActiveCfg = Debug|Any CPU
		{33C33DE8-2F08-4353-8EA6-70C5B3F5B880}.Debug|Any CPU.Build.0 = Debug|Any CPU
		{33C33DE8-2F08-4353-8EA6-70C5B3F5B880}.Release|Any CPU.ActiveCfg = Release|Any CPU
		{33C33DE8-2F08-4353-8EA6-70C5B3F5B880}.Release|Any CPU.Build.0 = Release|Any CPU
	EndGlobalSection
	GlobalSection(SolutionProperties) = preSolution
		HideSolutionNode = FALSE
	EndGlobalSection
EndGlobal
